
Microsoft Visual Studio Solution File, Format Version 12.00
# Visual Studio Version 17
VisualStudioVersion = 17.9.34723.18
MinimumVisualStudioVersion = 10.0.40219.1
Project("{9A19103F-16F7-4668-BE54-9A1E7A4F7556}") = "Remake.Wpf", "Remake.Wpf\Remake.Wpf.csproj", "{2D52A20D-197B-4741-B469-11F4110475EE}"
EndProject
Project("{9A19103F-16F7-4668-BE54-9A1E7A4F7556}") = "Remake.Wpf.Controls", "Remake.Wpf.Controls\Remake.Wpf.Controls.csproj", "{75DEE816-33CF-4828-BEF4-A1344D9A021C}"
EndProject
Project("{9A19103F-16F7-4668-BE54-9A1E7A4F7556}") = "Prime.Wpf", "Prime.Wpf\Prime.Wpf.csproj", "{F6C4D8E2-19F6-4F04-BBCC-5B03C756BA3D}"
EndProject
Global
	GlobalSection(SolutionConfigurationPlatforms) = preSolution
		Debug|Any CPU = Debug|Any CPU
		Release|Any CPU = Release|Any CPU
	EndGlobalSection
	GlobalSection(ProjectConfigurationPlatforms) = postSolution
		{2D52A20D-197B-4741-B469-11F4110475EE}.Debug|Any CPU.ActiveCfg = Debug|Any CPU
		{2D52A20D-197B-4741-B469-11F4110475EE}.Debug|Any CPU.Build.0 = Debug|Any CPU
		{2D52A20D-197B-4741-B469-11F4110475EE}.Release|Any CPU.ActiveCfg = Release|Any CPU
		{2D52A20D-197B-4741-B469-11F4110475EE}.Release|Any CPU.Build.0 = Release|Any CPU
		{75DEE816-33CF-4828-BEF4-A1344D9A021C}.Debug|Any CPU.ActiveCfg = Debug|Any CPU
		{75DEE816-33CF-4828-BEF4-A1344D9A021C}.Debug|Any CPU.Build.0 = Debug|Any CPU
		{75DEE816-33CF-4828-BEF4-A1344D9A021C}.Release|Any CPU.ActiveCfg = Release|Any CPU
		{75DEE816-33CF-4828-BEF4-A1344D9A021C}.Release|Any CPU.Build.0 = Release|Any CPU
		{F6C4D8E2-19F6-4F04-BBCC-5B03C756BA3D}.Debug|Any CPU.ActiveCfg = Debug|Any CPU
		{F6C4D8E2-19F6-4F04-BBCC-5B03C756BA3D}.Debug|Any CPU.Build.0 = Debug|Any CPU
		{F6C4D8E2-19F6-4F04-BBCC-5B03C756BA3D}.Release|Any CPU.ActiveCfg = Release|Any CPU
		{F6C4D8E2-19F6-4F04-BBCC-5B03C756BA3D}.Release|Any CPU.Build.0 = Release|Any CPU
	EndGlobalSection
	GlobalSection(SolutionProperties) = preSolution
		HideSolutionNode = FALSE
	EndGlobalSection
	GlobalSection(ExtensibilityGlobals) = postSolution
		SolutionGuid = {E6022D3B-7594-4119-A1EF-43E4948BEA26}
	EndGlobalSection
EndGlobal
